# This file is automatically generated by Poetry 1.8.2 and should be committed to version control.
[[package]]
name = "annotated-types"
version = "0.6.0"
description = "Reusable constraint types to use with typing.Annotated"
optional = false
python-versions = ">=3.8"
files = [
    {file = "annotated_types-0.6.0-py3-none-any.whl", hash = "sha256:0641064de18ba7a25edd3032630b3f6cf4890f4040b60db6e38b240cd3bc7e47"},
    {file = "annotated_types-0.6.0.tar.gz", hash = "sha256:5633461ea229b0f44f3bd57307204b90070776107f74bc812608bb1435978888"},
]

[[package]]
name = "anyio"
version = "4.3.0"
description = "High level compatibility layer for multiple asynchronous event loop implementations"
optional = false
python-versions = ">=3.8"
files = [
    {file = "anyio-4.3.0-py3-none-any.whl", hash = "sha256:048e05d0f6ca31fb0b603e3a999f21f16765057e097b95086f33bfa15710ed30"},
    {file = "anyio-4.3.0.tar.gz", hash = "sha256:298be5b376ae72691ab1e15b57f001db1f34ee464ee8000aa34f0d7e63b65287"},
]

[[package]]
name = "cryptography"
version = "42.0.5"
description = "cryptography is a package which provides cryptographic recipes and primitives to Python developers."
optional = false
python-versions = ">=3.7"
files = [
    {file = "cryptography-42.0.5.tar.gz", hash = "sha256:6fe07897653535dd9304391b4b11b681824e84d59160a0c6395b24479e0a0a1a"},
]

[[package]]
name = "fastapi"
version = "0.110.0"
description = "FastAPI framework, high performance, easy to learn, fast to code, ready for production"
optional = false
python-versions = ">=3.8"
files = [
    {file = "fastapi-0.110.0-py3-none-any.whl", hash = "sha256:456cbbcfef6b8eec8ca6e2e5c8e6fcb5b8801d9f8e4042ea0e0f80bc40a5a3a7"},
    {file = "fastapi-0.110.0.tar.gz", hash = "sha256:4d603a1168f89e27c1f855d045d65457ef4a1d5292437ff83ca12fc10c2fcbe8"},
]

[[package]]
name = "pydantic"
version = "2.6.4"
description = "Data validation using Python type hints"
optional = false
python-versions = ">=3.8"
files = [
    {file = "pydantic-2.6.4-py3-none-any.whl", hash = "sha256:8880624bb883b27ee4e51be58a74e5ce6c3e7f225bc6a2a537f8fce14113e618"},
    {file = "pydantic-2.6.4.tar.gz", hash = "sha256:f9ec7b2ebef0b6e92ee3914a84d47159c9ba25c6020c6a5127ef7ccb0222f7b8"},
]

[[package]]
name = "sqlalchemy"
version = "2.0.28"
description = "Database Abstraction Library"
optional = false
python-versions = ">=3.7"
files = [
    {file = "SQLAlchemy-2.0.28.tar.gz", hash = "sha256:d8c2c9d64687d6063467ff752d507fc36d934bbffc0d9ec024eef8ad5d0fa819"},
]

[[package]]
name = "uvicorn"
version = "0.28.0"
description = "The lightning-fast ASGI server."
optional = false
python-versions = ">=3.8"
files = [
    {file = "uvicorn-0.28.0-py3-none-any.whl", hash = "sha256:9233f2022830fa2354c41496a7989d09f7a77d206f47702cae0ce84bbf6316bf"},
    {file = "uvicorn-0.28.0.tar.gz", hash = "sha256:f48a108a733734005c28ad4422e6cfba7f09ee307d83cb86326168e370425a81"},
]

[metadata]
lock-version = "2.0"
python-versions = "^3.10"
content-hash = "c6a1e35579975bb42542a1975e5330aa1852c92e105e1ebaa2f416d84f88421b"
